
Microsoft Visual Studio Solution File, Format Version 12.00
# Visual Studio Version 16
VisualStudioVersion = 16.0.30907.101
MinimumVisualStudioVersion = 10.0.40219.1
Project("{FAE04EC0-301F-11D3-BF4B-00C04F79EFBC}") = "myRGA", "myRGA.csproj", "{CFA1C57E-8C02-4576-8C78-BCE473F9F8F4}"
EndProject
Global
	GlobalSection(SolutionConfigurationPlatforms) = preSolution
		Debug|Any CPU = Debug|Any CPU
		Release|Any CPU = Release|Any CPU
	EndGlobalSection
	GlobalSection(ProjectConfigurationPlatforms) = postSolution
		{CFA1C57E-8C02-4576-8C78-BCE473F9F8F4}.Debug|Any CPU.ActiveCfg = Debug|Any CPU
		{CFA1C57E-8C02-4576-8C78-BCE473F9F8F4}.Debug|Any CPU.Build.0 = Debug|Any CPU
		{CFA1C57E-8C02-4576-8C78-BCE473F9F8F4}.Release|Any CPU.ActiveCfg = Release|Any CPU
		{CFA1C57E-8C02-4576-8C78-BCE473F9F8F4}.Release|Any CPU.Build.0 = Release|Any CPU
	EndGlobalSection
	GlobalSection(SolutionProperties) = preSolution
		HideSolutionNode = FALSE
	EndGlobalSection
	GlobalSection(ExtensibilityGlobals) = postSolution
		SolutionGuid = {057FFA90-C356-44EE-8628-94F0E77DF9E6}
	EndGlobalSection
EndGlobal
